# Prisma Migrate lockfile v1

20201206185245
20201207193446
20201208182536
20201208194114
20201208224820
20201208232645
20201209020204
20201209083929
20201210135806
20201210160250
20201210193654
20201210194509
20201210202848
20201210204837
20201210210936
20201210211544
20201210211615
20201210212335
20201210214417
20201210215844
20201211115606
20201211115739
20201211120322
20201211121213
20201211121256
20201211121539
20201211151654
20201211225029
20201211225239
20201211232107
20201212195412
20201213154620